
Microsoft Visual Studio Solution File, Format Version 12.00
# Visual Studio Version 16
VisualStudioVersion = 16.0.31424.327
MinimumVisualStudioVersion = 10.0.40219.1
Project("{FAE04EC0-301F-11D3-BF4B-00C04F79EFBC}") = "PruebaWPF", "PruebaWPF\PruebaWPF.csproj", "{D2BBF3C9-1E0A-4451-9EE8-F49D95664EDA}"
EndProject
Global
	GlobalSection(SolutionConfigurationPlatforms) = preSolution
		Debug|Any CPU = Debug|Any CPU
		Release|Any CPU = Release|Any CPU
	EndGlobalSection
	GlobalSection(ProjectConfigurationPlatforms) = postSolution
		{D2BBF3C9-1E0A-4451-9EE8-F49D95664EDA}.Debug|Any CPU.ActiveCfg = Debug|Any CPU
		{D2BBF3C9-1E0A-4451-9EE8-F49D95664EDA}.Debug|Any CPU.Build.0 = Debug|Any CPU
		{D2BBF3C9-1E0A-4451-9EE8-F49D95664EDA}.Release|Any CPU.ActiveCfg = Release|Any CPU
		{D2BBF3C9-1E0A-4451-9EE8-F49D95664EDA}.Release|Any CPU.Build.0 = Release|Any CPU
	EndGlobalSection
	GlobalSection(SolutionProperties) = preSolution
		HideSolutionNode = FALSE
	EndGlobalSection
	GlobalSection(ExtensibilityGlobals) = postSolution
		SolutionGuid = {0530A1C6-97A1-4CBF-9667-7787613EA916}
	EndGlobalSection
EndGlobal
